{
  "name": "mern-stack",
  "lockfileVersion": 3,
  "requires": true,
  "packages": {
    "": {
      "dependencies": {
        "@rollup/rollup-linux-x64-musl": "*"
      },
      "optionalDependencies": {
        "@rollup/rollup-linux-x64-musl": "^4.43.0"
      }
    },
    "node_modules/@rollup/rollup-linux-x64-musl": {
      "version": "4.43.0",
      "resolved": "https://registry.npmjs.org/@rollup/rollup-linux-x64-musl/-/rollup-linux-x64-musl-4.43.0.tgz",
      "integrity": "sha512-3yATWgdeXyuHtBhrLt98w+5fKurdqvs8B53LaoKD7P7H7FKOONLsBVMNl9ghPQZQuYcceV5CDyPfyfGpMWD9mQ==",
      "cpu": [
        "x64"
      ],
      "license": "MIT",
      "optional": true,
      "os": [
        "linux"
      ]
    }
  }
}
